// !$*UTF8*$!
{
	archiveVersion = 1;
	classes = {
	};
	objectVersion = 46;
	objects = {

/* Begin PBXBuildFile section */
		E3934DD71D4161EC0058CF3C /* main.m in Sources */ = {isa = PBXBuildFile; fileRef = E3934DD61D4161EC0058CF3C /* main.m */; };
		E3934DDA1D4161EC0058CF3C /* AppDelegate.m in Sources */ = {isa = PBXBuildFile; fileRef = E3934DD91D4161EC0058CF3C /* AppDelegate.m */; };
		E3934DDD1D4161EC0058CF3C /* ViewController.m in Sources */ = {isa = PBXBuildFile; fileRef = E3934DDC1D4161EC0058CF3C /* ViewController.m */; };
		E3934DE01D4161EC0058CF3C /* Main.storyboard in Resources */ = {isa = PBXBuildFile; fileRef = E3934DDE1D4161EC0058CF3C /* Main.storyboard */; };
		E3934DE21D4161EC0058CF3C /* Assets.xcassets in Resources */ = {isa = PBXBuildFile; fileRef = E3934DE11D4161EC0058CF3C /* Assets.xcassets */; };
		E3934DE51D4161EC0058CF3C /* LaunchScreen.storyboard in Resources */ = {isa = PBXBuildFile; fileRef = E3934DE31D4161EC0058CF3C /* LaunchScreen.storyboard */; };
		E3934DEE1D41648D0058CF3C /* TableViewController.m in Sources */ = {isa = PBXBuildFile; fileRef = E3934DED1D41648D0058CF3C /* TableViewController.m */; };
/* End PBXBuildFile section */

/* Begin PBXFileReference section */
		E3934DD21D4161EC0058CF3C /* TableViewObjectiveC.app */ = {isa = PBXFileReference; explicitFileType = wrapper.application; includeInIndex = 0; path = TableViewObjectiveC.app; sourceTree = BUILT_PRODUCTS_DIR; };
		E3934DD61D4161EC0058CF3C /* main.m */ = {isa = PBXFileReference; lastKnownFileType = sourcecode.c.objc; path = main.m; sourceTree = "<group>"; };
		E3934DD81D4161EC0058CF3C /* AppDelegate.h */ = {isa = PBXFileReference; lastKnownFileType = sourcecode.c.h; path = AppDelegate.h; sourceTree = "<group>"; };
		E3934DD91D4161EC0058CF3C /* AppDelegate.m */ = {isa = PBXFileReference; lastKnownFileType = sourcecode.c.objc; path = AppDelegate.m; sourceTree = "<group>"; };
		E3934DDB1D4161EC0058CF3C /* ViewController.h */ = {isa = PBXFileReference; lastKnownFileType = sourcecode.c.h; path = ViewController.h; sourceTree = "<group>"; };
		E3934DDC1D4161EC0058CF3C /* ViewController.m */ = {isa = PBXFileReference; lastKnownFileType = sourcecode.c.objc; path = ViewController.m; sourceTree = "<group>"; };
		E3934DDF1D4161EC0058CF3C /* Base */ = {isa = PBXFileReference; lastKnownFileType = file.storyboard; name = Base; path = Base.lproj/Main.storyboard; sourceTree = "<group>"; };
		E3934DE11D4161EC0058CF3C /* Assets.xcassets */ = {isa = PBXFileReference; lastKnownFileType = folder.assetcatalog; path = Assets.xcassets; sourceTree = "<group>"; };
		E3934DE41D4161EC0058CF3C /* Base */ = {isa = PBXFileReference; lastKnownFileType = file.storyboard; name = Base; path = Base.lproj/LaunchScreen.storyboard; sourceTree = "<group>"; };
		E3934DE61D4161EC0058CF3C /* Info.plist */ = {isa = PBXFileReference; lastKnownFileType = text.plist.xml; path = Info.plist; sourceTree = "<group>"; };
		E3934DEC1D41648D0058CF3C /* TableViewController.h */ = {isa = PBXFileReference; fileEncoding = 4; lastKnownFileType = sourcecode.c.h; path = TableViewController.h; sourceTree = "<group>"; };
		E3934DED1D41648D0058CF3C /* TableViewController.m */ = {isa = PBXFileReference; fileEncoding = 4; lastKnownFileType = sourcecode.c.objc; path = TableViewController.m; sourceTree = "<group>"; };
/* End PBXFileReference section */

/* Begin PBXFrameworksBuildPhase section */
		E3934DCF1D4161EC0058CF3C /* Frameworks */ = {
			isa = PBXFrameworksBuildPhase;
			buildActionMask = 2147483647;
			files = (
			);
			runOnlyForDeploymentPostprocessing = 0;
		};
/* End PBXFrameworksBuildPhase section */

/* Begin PBXGroup section */
		E3934DC91D4161EC0058CF3C = {
			isa = PBXGroup;
			children = (
				E3934DD41D4161EC0058CF3C /* TableViewObjectiveC */,
				E3934DD31D4161EC0058CF3C /* Products */,
			);
			sourceTree = "<group>";
		};
		E3934DD31D4161EC0058CF3C /* Products */ = {
			isa = PBXGroup;
			children = (
				E3934DD21D4161EC0058CF3C /* TableViewObjectiveC.app */,
			);
			name = Products;
			sourceTree = "<group>";
		};
		E3934DD41D4161EC0058CF3C /* TableViewObjectiveC */ = {
			isa = PBXGroup;
			children = (
				E3934DD81D4161EC0058CF3C /* AppDelegate.h */,
				E3934DD91D4161EC0058CF3C /* AppDelegate.m */,
				E3934DDB1D4161EC0058CF3C /* ViewController.h */,
				E3934DDC1D4161EC0058CF3C /* ViewController.m */,
				E3934DDE1D4161EC0058CF3C /* Main.storyboard */,
				E3934DE11D4161EC0058CF3C /* Assets.xcassets */,
				E3934DE31D4161EC0058CF3C /* LaunchScreen.storyboard */,
				E3934DE61D4161EC0058CF3C /* Info.plist */,
				E3934DD51D4161EC0058CF3C /* Supporting Files */,
				E3934DEC1D41648D0058CF3C /* TableViewController.h */,
				E3934DED1D41648D0058CF3C /* TableViewController.m */,
			);
			path = TableViewObjectiveC;
			sourceTree = "<group>";
		};
		E3934DD51D4161EC0058CF3C /* Supporting Files */ = {
			isa = PBXGroup;
			children = (
				E3934DD61D4161EC0058CF3C /* main.m */,
			);
			name = "Supporting Files";
			sourceTree = "<group>";
		};
/* End PBXGroup section */

/* Begin PBXNativeTarget section */
		E3934DD11D4161EC0058CF3C /* TableViewObjectiveC */ = {
			isa = PBXNativeTarget;
			buildConfigurationList = E3934DE91D4161EC0058CF3C /* Build configuration list for PBXNativeTarget "TableViewObjectiveC" */;
			buildPhases = (
				E3934DCE1D4161EC0058CF3C /* Sources */,
				E3934DCF1D4161EC0058CF3C /* Frameworks */,
				E3934DD01D4161EC0058CF3C /* Resources */,
			);
			buildRules = (
			);
			dependencies = (
			);
			name = TableViewObjectiveC;
			productName = TableViewObjectiveC;
			productReference = E3934DD21D4161EC0058CF3C /* TableViewObjectiveC.app */;
			productType = "com.apple.product-type.application";
		};
/* End PBXNativeTarget section */

/* Begin PBXProject section */
		E3934DCA1D4161EC0058CF3C /* Project object */ = {
			isa = PBXProject;
			attributes = {
				LastUpgradeCheck = 0730;
				ORGANIZATIONNAME = Snehith;
				TargetAttributes = {
					E3934DD11D4161EC0058CF3C = {
						CreatedOnToolsVersion = 7.3.1;
						DevelopmentTeam = 72JLSUCZGM;
					};
				};
			};
			buildConfigurationList = E3934DCD1D4161EC0058CF3C /* Build configuration list for PBXProject "TableViewObjectiveC" */;
			compatibilityVersion = "Xcode 3.2";
			developmentRegion = English;
			hasScannedForEncodings = 0;
			knownRegions = (
				en,
				Base,
			);
			mainGroup = E3934DC91D4161EC0058CF3C;
			productRefGroup = E3934DD31D4161EC0058CF3C /* Products */;
			projectDirPath = "";
			projectRoot = "";
			targets = (
				E3934DD11D4161EC0058CF3C /* TableViewObjectiveC */,
			);
		};
/* End PBXProject section */

/* Begin PBXResourcesBuildPhase section */
		E3934DD01D4161EC0058CF3C /* Resources */ = {
			isa = PBXResourcesBuildPhase;
			buildActionMask = 2147483647;
			files = (
				E3934DE51D4161EC0058CF3C /* LaunchScreen.storyboard in Resources */,
				E3934DE21D4161EC0058CF3C /* Assets.xcassets in Resources */,
				E3934DE01D4161EC0058CF3C /* Main.storyboard in Resources */,
			);
			runOnlyForDeploymentPostprocessing = 0;
		};
/* End PBXResourcesBuildPhase section */

/* Begin PBXSourcesBuildPhase section */
		E3934DCE1D4161EC0058CF3C /* Sources */ = {
			isa = PBXSourcesBuildPhase;
			buildActionMask = 2147483647;
			files = (
				E3934DDD1D4161EC0058CF3C /* ViewController.m in Sources */,
				E3934DDA1D4161EC0058CF3C /* AppDelegate.m in Sources */,
				E3934DD71D4161EC0058CF3C /* main.m in Sources */,
				E3934DEE1D41648D0058CF3C /* TableViewController.m in Sources */,
			);
			runOnlyForDeploymentPostprocessing = 0;
		};
/* End PBXSourcesBuildPhase section */

/* Begin PBXVariantGroup section */
		E3934DDE1D4161EC0058CF3C /* Main.storyboard */ = {
			isa = PBXVariantGroup;
			children = (
				E3934DDF1D4161EC0058CF3C /* Base */,
			);
			name = Main.storyboard;
			sourceTree = "<group>";
		};
		E3934DE31D4161EC0058CF3C /* LaunchScreen.storyboard */ = {
			isa = PBXVariantGroup;
			children = (
				E3934DE41D4161EC0058CF3C /* Base */,
			);
			name = LaunchScreen.storyboard;
			sourceTree = "<group>";
		};
/* End PBXVariantGroup section */

/* Begin XCBuildConfiguration section */
		E3934DE71D4161EC0058CF3C /* Debug */ = {
			isa = XCBuildConfiguration;
			buildSettings = {
				ALWAYS_SEARCH_USER_PATHS = NO;
				CLANG_ANALYZER_NONNULL = YES;
				CLANG_CXX_LANGUAGE_STANDARD = "gnu++0x";
				CLANG_CXX_LIBRARY = "libc++";
				CLANG_ENABLE_MODULES = YES;
				CLANG_ENABLE_OBJC_ARC = YES;
				CLANG_WARN_BOOL_CONVERSION = YES;
				CLANG_WARN_CONSTANT_CONVERSION = YES;
				CLANG_WARN_DIRECT_OBJC_ISA_USAGE = YES_ERROR;
				CLANG_WARN_EMPTY_BODY = YES;
				CLANG_WARN_ENUM_CONVERSION = YES;
				CLANG_WARN_INT_CONVERSION = YES;
				CLANG_WARN_OBJC_ROOT_CLASS = YES_ERROR;
				CLANG_WARN_UNREACHABLE_CODE = YES;
				CLANG_WARN__DUPLICATE_METHOD_MATCH = YES;
				"CODE_SIGN_IDENTITY[sdk=iphoneos*]" = "iPhone Developer";
				COPY_PHASE_STRIP = NO;
				DEBUG_INFORMATION_FORMAT = dwarf;
				ENABLE_STRICT_OBJC_MSGSEND = YES;
				ENABLE_TESTABILITY = YES;
				GCC_C_LANGUAGE_STANDARD = gnu99;
				GCC_DYNAMIC_NO_PIC = NO;
				GCC_NO_COMMON_BLOCKS = YES;
				GCC_OPTIMIZATION_LEVEL = 0;
				GCC_PREPROCESSOR_DEFINITIONS = (
					"DEBUG=1",
					"$(inherited)",
				);
				GCC_WARN_64_TO_32_BIT_CONVERSION = YES;
				GCC_WARN_ABOUT_RETURN_TYPE = YES_ERROR;
				GCC_WARN_UNDECLARED_SELECTOR = YES;
				GCC_WARN_UNINITIALIZED_AUTOS = YES_AGGRESSIVE;
				GCC_WARN_UNUSED_FUNCTION = YES;
				GCC_WARN_UNUSED_VARIABLE = YES;
				IPHONEOS_DEPLOYMENT_TARGET = 9.3;
				MTL_ENABLE_DEBUG_INFO = YES;
				ONLY_ACTIVE_ARCH = YES;
				SDKROOT = iphoneos;
				TARGETED_DEVICE_FAMILY = "1,2";
			};
			name = Debug;
		};
		E3934DE81D4161EC0058CF3C /* Release */ = {
			isa = XCBuildConfiguration;
			buildSettings = {
				ALWAYS_SEARCH_USER_PATHS = NO;
				CLANG_ANALYZER_NONNULL = YES;
				CLANG_CXX_LANGUAGE_STANDARD = "gnu++0x";
				CLANG_CXX_LIBRARY = "libc++";
				CLANG_ENABLE_MODULES = YES;
				CLANG_ENABLE_OBJC_ARC = YES;
				CLANG_WARN_BOOL_CONVERSION = YES;
				CLANG_WARN_CONSTANT_CONVERSION = YES;
				CLANG_WARN_DIRECT_OBJC_ISA_USAGE = YES_ERROR;
				CLANG_WARN_EMPTY_BODY = YES;
				CLANG_WARN_ENUM_CONVERSION = YES;
				CLANG_WARN_INT_CONVERSION = YES;
				CLANG_WARN_OBJC_ROOT_CLASS = YES_ERROR;
				CLANG_WARN_UNREACHABLE_CODE = YES;
				CLANG_WARN__DUPLICATE_METHOD_MATCH = YES;
				"CODE_SIGN_IDENTITY[sdk=iphoneos*]" = "iPhone Developer";
				COPY_PHASE_STRIP = NO;
				DEBUG_INFORMATION_FORMAT = "dwarf-with-dsym";
				ENABLE_NS_ASSERTIONS = NO;
				ENABLE_STRICT_OBJC_MSGSEND = YES;
				GCC_C_LANGUAGE_STANDARD = gnu99;
				GCC_NO_COMMON_BLOCKS = YES;
				GCC_WARN_64_TO_32_BIT_CONVERSION = YES;
				GCC_WARN_ABOUT_RETURN_TYPE = YES_ERROR;
				GCC_WARN_UNDECLARED_SELECTOR = YES;
				GCC_WARN_UNINITIALIZED_AUTOS = YES_AGGRESSIVE;
				GCC_WARN_UNUSED_FUNCTION = YES;
				GCC_WARN_UNUSED_VARIABLE = YES;
				IPHONEOS_DEPLOYMENT_TARGET = 9.3;
				MTL_ENABLE_DEBUG_INFO = NO;
				SDKROOT = iphoneos;
				TARGETED_DEVICE_FAMILY = "1,2";
				VALIDATE_PRODUCT = YES;
			};
			name = Release;
		};
		E3934DEA1D4161EC0058CF3C /* Debug */ = {
			isa = XCBuildConfiguration;
			buildSettings = {
				ASSETCATALOG_COMPILER_APPICON_NAME = AppIcon;
				INFOPLIST_FILE = TableViewObjectiveC/Info.plist;
				LD_RUNPATH_SEARCH_PATHS = "$(inherited) @executable_path/Frameworks";
				PRODUCT_BUNDLE_IDENTIFIER = com.Snehith.TableViewObjectiveC;
				PRODUCT_NAME = "$(TARGET_NAME)";
			};
			name = Debug;
		};
		E3934DEB1D4161EC0058CF3C /* Release */ = {
			isa = XCBuildConfiguration;
			buildSettings = {
				ASSETCATALOG_COMPILER_APPICON_NAME = AppIcon;
				INFOPLIST_FILE = TableViewObjectiveC/Info.plist;
				LD_RUNPATH_SEARCH_PATHS = "$(inherited) @executable_path/Frameworks";
				PRODUCT_BUNDLE_IDENTIFIER = com.Snehith.TableViewObjectiveC;
				PRODUCT_NAME = "$(TARGET_NAME)";
			};
			name = Release;
		};
/* End XCBuildConfiguration section */

/* Begin XCConfigurationList section */
		E3934DCD1D4161EC0058CF3C /* Build configuration list for PBXProject "TableViewObjectiveC" */ = {
			isa = XCConfigurationList;
			buildConfigurations = (
				E3934DE71D4161EC0058CF3C /* Debug */,
				E3934DE81D4161EC0058CF3C /* Release */,
			);
			defaultConfigurationIsVisible = 0;
			defaultConfigurationName = Release;
		};
		E3934DE91D4161EC0058CF3C /* Build configuration list for PBXNativeTarget "TableViewObjectiveC" */ = {
			isa = XCConfigurationList;
			buildConfigurations = (
				E3934DEA1D4161EC0058CF3C /* Debug */,
				E3934DEB1D4161EC0058CF3C /* Release */,
			);
			defaultConfigurationIsVisible = 0;
		};
/* End XCConfigurationList section */
	};
	rootObject = E3934DCA1D4161EC0058CF3C /* Project object */;
}
